
Microsoft Visual Studio Solution File, Format Version 12.00
# Visual Studio 2013
VisualStudioVersion = 12.0.30501.0
MinimumVisualStudioVersion = 10.0.40219.1
Project("{FAE04EC0-301F-11D3-BF4B-00C04F79EFBC}") = "ACE.PurchaseOrder", "ACE.PurchaseOrder\ACE.PurchaseOrder.csproj", "{891F1531-81A7-465D-8CE8-8B784459191B}"
EndProject
Project("{FAE04EC0-301F-11D3-BF4B-00C04F79EFBC}") = "ACE.PurchaseOrder.CommonLayer", "ACE.PurchaseOrder.CommonLayer\ACE.PurchaseOrder.CommonLayer.csproj", "{33AB2351-636A-4E39-B2D6-5181FC8D4C7D}"
EndProject
Project("{FAE04EC0-301F-11D3-BF4B-00C04F79EFBC}") = "ACE.PurchaseOrder.DataLayer", "ACE.PurchaseOrder.DataLayer\ACE.PurchaseOrder.DataLayer.csproj", "{47B89661-85D4-4AA2-A3C1-D6E902F47603}"
EndProject
Global
	GlobalSection(SolutionConfigurationPlatforms) = preSolution
		Debug|Any CPU = Debug|Any CPU
		Release|Any CPU = Release|Any CPU
	EndGlobalSection
	GlobalSection(ProjectConfigurationPlatforms) = postSolution
		{891F1531-81A7-465D-8CE8-8B784459191B}.Debug|Any CPU.ActiveCfg = Debug|Any CPU
		{891F1531-81A7-465D-8CE8-8B784459191B}.Debug|Any CPU.Build.0 = Debug|Any CPU
		{891F1531-81A7-465D-8CE8-8B784459191B}.Release|Any CPU.ActiveCfg = Release|Any CPU
		{891F1531-81A7-465D-8CE8-8B784459191B}.Release|Any CPU.Build.0 = Release|Any CPU
		{33AB2351-636A-4E39-B2D6-5181FC8D4C7D}.Debug|Any CPU.ActiveCfg = Debug|Any CPU
		{33AB2351-636A-4E39-B2D6-5181FC8D4C7D}.Debug|Any CPU.Build.0 = Debug|Any CPU
		{33AB2351-636A-4E39-B2D6-5181FC8D4C7D}.Release|Any CPU.ActiveCfg = Release|Any CPU
		{33AB2351-636A-4E39-B2D6-5181FC8D4C7D}.Release|Any CPU.Build.0 = Release|Any CPU
		{47B89661-85D4-4AA2-A3C1-D6E902F47603}.Debug|Any CPU.ActiveCfg = Debug|Any CPU
		{47B89661-85D4-4AA2-A3C1-D6E902F47603}.Debug|Any CPU.Build.0 = Debug|Any CPU
		{47B89661-85D4-4AA2-A3C1-D6E902F47603}.Release|Any CPU.ActiveCfg = Release|Any CPU
		{47B89661-85D4-4AA2-A3C1-D6E902F47603}.Release|Any CPU.Build.0 = Release|Any CPU
	EndGlobalSection
	GlobalSection(SolutionProperties) = preSolution
		HideSolutionNode = FALSE
	EndGlobalSection
EndGlobal
